
Microsoft Visual Studio Solution File, Format Version 12.00
# Visual Studio Version 17
VisualStudioVersion = 17.4.33205.214
MinimumVisualStudioVersion = 10.0.40219.1
Project("{FAE04EC0-301F-11D3-BF4B-00C04F79EFBC}") = "JDEstimating", "JDEstimating.csproj", "{F54CB3DD-8FC4-432E-9448-DFC3EE55032F}"
EndProject
Global
	GlobalSection(SolutionConfigurationPlatforms) = preSolution
		Debug|Any CPU = Debug|Any CPU
		Release|Any CPU = Release|Any CPU
	EndGlobalSection
	GlobalSection(ProjectConfigurationPlatforms) = postSolution
		{F54CB3DD-8FC4-432E-9448-DFC3EE55032F}.Debug|Any CPU.ActiveCfg = Debug|Any CPU
		{F54CB3DD-8FC4-432E-9448-DFC3EE55032F}.Debug|Any CPU.Build.0 = Debug|Any CPU
		{F54CB3DD-8FC4-432E-9448-DFC3EE55032F}.Release|Any CPU.ActiveCfg = Release|Any CPU
		{F54CB3DD-8FC4-432E-9448-DFC3EE55032F}.Release|Any CPU.Build.0 = Release|Any CPU
	EndGlobalSection
	GlobalSection(SolutionProperties) = preSolution
		HideSolutionNode = FALSE
	EndGlobalSection
	GlobalSection(ExtensibilityGlobals) = postSolution
		SolutionGuid = {DA3AF1B2-8ABC-4777-9D06-FF973EAE4F2F}
	EndGlobalSection
EndGlobal
